// !$*UTF8*$!
{
	archiveVersion = 1;
	classes = {
	};
	objectVersion = 55;
	objects = {

/* Begin PBXBuildFile section */
		0F3DB14D2877347F009627BC /* WeatherModel.swift in Sources */ = {isa = PBXBuildFile; fileRef = 0F3DB14C2877347F009627BC /* WeatherModel.swift */; };
		0F44A489286DFBF70070B9E3 /* WeatherManager.swift in Sources */ = {isa = PBXBuildFile; fileRef = 0F44A488286DFBF70070B9E3 /* WeatherManager.swift */; };
		0F4E69322867BA7F0091C5EF /* AppDelegate.swift in Sources */ = {isa = PBXBuildFile; fileRef = 0F4E69312867BA7F0091C5EF /* AppDelegate.swift */; };
		0F4E69342867BA7F0091C5EF /* SceneDelegate.swift in Sources */ = {isa = PBXBuildFile; fileRef = 0F4E69332867BA7F0091C5EF /* SceneDelegate.swift */; };
		0F4E69362867BA7F0091C5EF /* WeatherViewController.swift in Sources */ = {isa = PBXBuildFile; fileRef = 0F4E69352867BA7F0091C5EF /* WeatherViewController.swift */; };
		0F4E69392867BA7F0091C5EF /* Main.storyboard in Resources */ = {isa = PBXBuildFile; fileRef = 0F4E69372867BA7F0091C5EF /* Main.storyboard */; };
		0F4E693B2867BA800091C5EF /* Assets.xcassets in Resources */ = {isa = PBXBuildFile; fileRef = 0F4E693A2867BA800091C5EF /* Assets.xcassets */; };
		0F4E693E2867BA800091C5EF /* LaunchScreen.storyboard in Resources */ = {isa = PBXBuildFile; fileRef = 0F4E693C2867BA800091C5EF /* LaunchScreen.storyboard */; };
		0FC6D23B2876311400E48261 /* PrivateKeys.swift in Sources */ = {isa = PBXBuildFile; fileRef = 0FC6D23A2876311400E48261 /* PrivateKeys.swift */; };
		0FC6D23D2876328200E48261 /* WeatherData.swift in Sources */ = {isa = PBXBuildFile; fileRef = 0FC6D23C2876328200E48261 /* WeatherData.swift */; };
/* End PBXBuildFile section */

/* Begin PBXFileReference section */
		0F3DB14C2877347F009627BC /* WeatherModel.swift */ = {isa = PBXFileReference; lastKnownFileType = sourcecode.swift; path = WeatherModel.swift; sourceTree = "<group>"; };
		0F44A488286DFBF70070B9E3 /* WeatherManager.swift */ = {isa = PBXFileReference; lastKnownFileType = sourcecode.swift; path = WeatherManager.swift; sourceTree = "<group>"; };
		0F4E692E2867BA7F0091C5EF /* Weatherly.app */ = {isa = PBXFileReference; explicitFileType = wrapper.application; includeInIndex = 0; path = Weatherly.app; sourceTree = BUILT_PRODUCTS_DIR; };
		0F4E69312867BA7F0091C5EF /* AppDelegate.swift */ = {isa = PBXFileReference; lastKnownFileType = sourcecode.swift; path = AppDelegate.swift; sourceTree = "<group>"; };
		0F4E69332867BA7F0091C5EF /* SceneDelegate.swift */ = {isa = PBXFileReference; lastKnownFileType = sourcecode.swift; path = SceneDelegate.swift; sourceTree = "<group>"; };
		0F4E69352867BA7F0091C5EF /* WeatherViewController.swift */ = {isa = PBXFileReference; lastKnownFileType = sourcecode.swift; path = WeatherViewController.swift; sourceTree = "<group>"; };
		0F4E69382867BA7F0091C5EF /* Base */ = {isa = PBXFileReference; lastKnownFileType = file.storyboard; name = Base; path = Base.lproj/Main.storyboard; sourceTree = "<group>"; };
		0F4E693A2867BA800091C5EF /* Assets.xcassets */ = {isa = PBXFileReference; lastKnownFileType = folder.assetcatalog; path = Assets.xcassets; sourceTree = "<group>"; };
		0F4E693D2867BA800091C5EF /* Base */ = {isa = PBXFileReference; lastKnownFileType = file.storyboard; name = Base; path = Base.lproj/LaunchScreen.storyboard; sourceTree = "<group>"; };
		0F4E693F2867BA800091C5EF /* Info.plist */ = {isa = PBXFileReference; lastKnownFileType = text.plist.xml; path = Info.plist; sourceTree = "<group>"; };
		0FC6D23A2876311400E48261 /* PrivateKeys.swift */ = {isa = PBXFileReference; lastKnownFileType = sourcecode.swift; path = PrivateKeys.swift; sourceTree = "<group>"; };
		0FC6D23C2876328200E48261 /* WeatherData.swift */ = {isa = PBXFileReference; lastKnownFileType = sourcecode.swift; path = WeatherData.swift; sourceTree = "<group>"; };
/* End PBXFileReference section */

/* Begin PBXFrameworksBuildPhase section */
		0F4E692B2867BA7F0091C5EF /* Frameworks */ = {
			isa = PBXFrameworksBuildPhase;
			buildActionMask = 2147483647;
			files = (
			);
			runOnlyForDeploymentPostprocessing = 0;
		};
/* End PBXFrameworksBuildPhase section */

/* Begin PBXGroup section */
		0F4E69252867BA7F0091C5EF = {
			isa = PBXGroup;
			children = (
				0F4E69302867BA7F0091C5EF /* Weatherly */,
				0F4E692F2867BA7F0091C5EF /* Products */,
			);
			sourceTree = "<group>";
		};
		0F4E692F2867BA7F0091C5EF /* Products */ = {
			isa = PBXGroup;
			children = (
				0F4E692E2867BA7F0091C5EF /* Weatherly.app */,
			);
			name = Products;
			sourceTree = "<group>";
		};
		0F4E69302867BA7F0091C5EF /* Weatherly */ = {
			isa = PBXGroup;
			children = (
				0F4E69472867C19D0091C5EF /* Controller */,
				0F4E69462867C1980091C5EF /* View */,
				0F4E69452867C1940091C5EF /* Model */,
				0F4E69312867BA7F0091C5EF /* AppDelegate.swift */,
				0F4E69332867BA7F0091C5EF /* SceneDelegate.swift */,
				0F4E693A2867BA800091C5EF /* Assets.xcassets */,
				0F4E693F2867BA800091C5EF /* Info.plist */,
				0FC6D23A2876311400E48261 /* PrivateKeys.swift */,
			);
			path = Weatherly;
			sourceTree = "<group>";
		};
		0F4E69452867C1940091C5EF /* Model */ = {
			isa = PBXGroup;
			children = (
				0F44A488286DFBF70070B9E3 /* WeatherManager.swift */,
				0FC6D23C2876328200E48261 /* WeatherData.swift */,
				0F3DB14C2877347F009627BC /* WeatherModel.swift */,
			);
			path = Model;
			sourceTree = "<group>";
		};
		0F4E69462867C1980091C5EF /* View */ = {
			isa = PBXGroup;
			children = (
				0F4E69372867BA7F0091C5EF /* Main.storyboard */,
				0F4E693C2867BA800091C5EF /* LaunchScreen.storyboard */,
			);
			path = View;
			sourceTree = "<group>";
		};
		0F4E69472867C19D0091C5EF /* Controller */ = {
			isa = PBXGroup;
			children = (
				0F4E69352867BA7F0091C5EF /* WeatherViewController.swift */,
			);
			path = Controller;
			sourceTree = "<group>";
		};
/* End PBXGroup section */

/* Begin PBXNativeTarget section */
		0F4E692D2867BA7F0091C5EF /* Weatherly */ = {
			isa = PBXNativeTarget;
			buildConfigurationList = 0F4E69422867BA800091C5EF /* Build configuration list for PBXNativeTarget "Weatherly" */;
			buildPhases = (
				0F4E692A2867BA7F0091C5EF /* Sources */,
				0F4E692B2867BA7F0091C5EF /* Frameworks */,
				0F4E692C2867BA7F0091C5EF /* Resources */,
			);
			buildRules = (
			);
			dependencies = (
			);
			name = Weatherly;
			productName = Weatherly;
			productReference = 0F4E692E2867BA7F0091C5EF /* Weatherly.app */;
			productType = "com.apple.product-type.application";
		};
/* End PBXNativeTarget section */

/* Begin PBXProject section */
		0F4E69262867BA7F0091C5EF /* Project object */ = {
			isa = PBXProject;
			attributes = {
				BuildIndependentTargetsInParallel = 1;
				LastSwiftUpdateCheck = 1340;
				LastUpgradeCheck = 1340;
				TargetAttributes = {
					0F4E692D2867BA7F0091C5EF = {
						CreatedOnToolsVersion = 13.4;
					};
				};
			};
			buildConfigurationList = 0F4E69292867BA7F0091C5EF /* Build configuration list for PBXProject "Weatherly" */;
			compatibilityVersion = "Xcode 13.0";
			developmentRegion = en;
			hasScannedForEncodings = 0;
			knownRegions = (
				en,
				Base,
			);
			mainGroup = 0F4E69252867BA7F0091C5EF;
			productRefGroup = 0F4E692F2867BA7F0091C5EF /* Products */;
			projectDirPath = "";
			projectRoot = "";
			targets = (
				0F4E692D2867BA7F0091C5EF /* Weatherly */,
			);
		};
/* End PBXProject section */

/* Begin PBXResourcesBuildPhase section */
		0F4E692C2867BA7F0091C5EF /* Resources */ = {
			isa = PBXResourcesBuildPhase;
			buildActionMask = 2147483647;
			files = (
				0F4E693E2867BA800091C5EF /* LaunchScreen.storyboard in Resources */,
				0F4E693B2867BA800091C5EF /* Assets.xcassets in Resources */,
				0F4E69392867BA7F0091C5EF /* Main.storyboard in Resources */,
			);
			runOnlyForDeploymentPostprocessing = 0;
		};
/* End PBXResourcesBuildPhase section */

/* Begin PBXSourcesBuildPhase section */
		0F4E692A2867BA7F0091C5EF /* Sources */ = {
			isa = PBXSourcesBuildPhase;
			buildActionMask = 2147483647;
			files = (
				0F3DB14D2877347F009627BC /* WeatherModel.swift in Sources */,
				0F44A489286DFBF70070B9E3 /* WeatherManager.swift in Sources */,
				0F4E69362867BA7F0091C5EF /* WeatherViewController.swift in Sources */,
				0FC6D23B2876311400E48261 /* PrivateKeys.swift in Sources */,
				0F4E69322867BA7F0091C5EF /* AppDelegate.swift in Sources */,
				0FC6D23D2876328200E48261 /* WeatherData.swift in Sources */,
				0F4E69342867BA7F0091C5EF /* SceneDelegate.swift in Sources */,
			);
			runOnlyForDeploymentPostprocessing = 0;
		};
/* End PBXSourcesBuildPhase section */

/* Begin PBXVariantGroup section */
		0F4E69372867BA7F0091C5EF /* Main.storyboard */ = {
			isa = PBXVariantGroup;
			children = (
				0F4E69382867BA7F0091C5EF /* Base */,
			);
			name = Main.storyboard;
			sourceTree = "<group>";
		};
		0F4E693C2867BA800091C5EF /* LaunchScreen.storyboard */ = {
			isa = PBXVariantGroup;
			children = (
				0F4E693D2867BA800091C5EF /* Base */,
			);
			name = LaunchScreen.storyboard;
			sourceTree = "<group>";
		};
/* End PBXVariantGroup section */

/* Begin XCBuildConfiguration section */
		0F4E69402867BA800091C5EF /* Debug */ = {
			isa = XCBuildConfiguration;
			buildSettings = {
				ALWAYS_SEARCH_USER_PATHS = NO;
				CLANG_ANALYZER_NONNULL = YES;
				CLANG_ANALYZER_NUMBER_OBJECT_CONVERSION = YES_AGGRESSIVE;
				CLANG_CXX_LANGUAGE_STANDARD = "gnu++17";
				CLANG_ENABLE_MODULES = YES;
				CLANG_ENABLE_OBJC_ARC = YES;
				CLANG_ENABLE_OBJC_WEAK = YES;
				CLANG_WARN_BLOCK_CAPTURE_AUTORELEASING = YES;
				CLANG_WARN_BOOL_CONVERSION = YES;
				CLANG_WARN_COMMA = YES;
				CLANG_WARN_CONSTANT_CONVERSION = YES;
				CLANG_WARN_DEPRECATED_OBJC_IMPLEMENTATIONS = YES;
				CLANG_WARN_DIRECT_OBJC_ISA_USAGE = YES_ERROR;
				CLANG_WARN_DOCUMENTATION_COMMENTS = YES;
				CLANG_WARN_EMPTY_BODY = YES;
				CLANG_WARN_ENUM_CONVERSION = YES;
				CLANG_WARN_INFINITE_RECURSION = YES;
				CLANG_WARN_INT_CONVERSION = YES;
				CLANG_WARN_NON_LITERAL_NULL_CONVERSION = YES;
				CLANG_WARN_OBJC_IMPLICIT_RETAIN_SELF = YES;
				CLANG_WARN_OBJC_LITERAL_CONVERSION = YES;
				CLANG_WARN_OBJC_ROOT_CLASS = YES_ERROR;
				CLANG_WARN_QUOTED_INCLUDE_IN_FRAMEWORK_HEADER = YES;
				CLANG_WARN_RANGE_LOOP_ANALYSIS = YES;
				CLANG_WARN_STRICT_PROTOTYPES = YES;
				CLANG_WARN_SUSPICIOUS_MOVE = YES;
				CLANG_WARN_UNGUARDED_AVAILABILITY = YES_AGGRESSIVE;
				CLANG_WARN_UNREACHABLE_CODE = YES;
				CLANG_WARN__DUPLICATE_METHOD_MATCH = YES;
				COPY_PHASE_STRIP = NO;
				DEBUG_INFORMATION_FORMAT = dwarf;
				ENABLE_STRICT_OBJC_MSGSEND = YES;
				ENABLE_TESTABILITY = YES;
				GCC_C_LANGUAGE_STANDARD = gnu11;
				GCC_DYNAMIC_NO_PIC = NO;
				GCC_NO_COMMON_BLOCKS = YES;
				GCC_OPTIMIZATION_LEVEL = 0;
				GCC_PREPROCESSOR_DEFINITIONS = (
					"DEBUG=1",
					"$(inherited)",
				);
				GCC_WARN_64_TO_32_BIT_CONVERSION = YES;
				GCC_WARN_ABOUT_RETURN_TYPE = YES_ERROR;
				GCC_WARN_UNDECLARED_SELECTOR = YES;
				GCC_WARN_UNINITIALIZED_AUTOS = YES_AGGRESSIVE;
				GCC_WARN_UNUSED_FUNCTION = YES;
				GCC_WARN_UNUSED_VARIABLE = YES;
				IPHONEOS_DEPLOYMENT_TARGET = 15.5;
				MTL_ENABLE_DEBUG_INFO = INCLUDE_SOURCE;
				MTL_FAST_MATH = YES;
				ONLY_ACTIVE_ARCH = YES;
				SDKROOT = iphoneos;
				SWIFT_ACTIVE_COMPILATION_CONDITIONS = DEBUG;
				SWIFT_OPTIMIZATION_LEVEL = "-Onone";
			};
			name = Debug;
		};
		0F4E69412867BA800091C5EF /* Release */ = {
			isa = XCBuildConfiguration;
			buildSettings = {
				ALWAYS_SEARCH_USER_PATHS = NO;
				CLANG_ANALYZER_NONNULL = YES;
				CLANG_ANALYZER_NUMBER_OBJECT_CONVERSION = YES_AGGRESSIVE;
				CLANG_CXX_LANGUAGE_STANDARD = "gnu++17";
				CLANG_ENABLE_MODULES = YES;
				CLANG_ENABLE_OBJC_ARC = YES;
				CLANG_ENABLE_OBJC_WEAK = YES;
				CLANG_WARN_BLOCK_CAPTURE_AUTORELEASING = YES;
				CLANG_WARN_BOOL_CONVERSION = YES;
				CLANG_WARN_COMMA = YES;
				CLANG_WARN_CONSTANT_CONVERSION = YES;
				CLANG_WARN_DEPRECATED_OBJC_IMPLEMENTATIONS = YES;
				CLANG_WARN_DIRECT_OBJC_ISA_USAGE = YES_ERROR;
				CLANG_WARN_DOCUMENTATION_COMMENTS = YES;
				CLANG_WARN_EMPTY_BODY = YES;
				CLANG_WARN_ENUM_CONVERSION = YES;
				CLANG_WARN_INFINITE_RECURSION = YES;
				CLANG_WARN_INT_CONVERSION = YES;
				CLANG_WARN_NON_LITERAL_NULL_CONVERSION = YES;
				CLANG_WARN_OBJC_IMPLICIT_RETAIN_SELF = YES;
				CLANG_WARN_OBJC_LITERAL_CONVERSION = YES;
				CLANG_WARN_OBJC_ROOT_CLASS = YES_ERROR;
				CLANG_WARN_QUOTED_INCLUDE_IN_FRAMEWORK_HEADER = YES;
				CLANG_WARN_RANGE_LOOP_ANALYSIS = YES;
				CLANG_WARN_STRICT_PROTOTYPES = YES;
				CLANG_WARN_SUSPICIOUS_MOVE = YES;
				CLANG_WARN_UNGUARDED_AVAILABILITY = YES_AGGRESSIVE;
				CLANG_WARN_UNREACHABLE_CODE = YES;
				CLANG_WARN__DUPLICATE_METHOD_MATCH = YES;
				COPY_PHASE_STRIP = NO;
				DEBUG_INFORMATION_FORMAT = "dwarf-with-dsym";
				ENABLE_NS_ASSERTIONS = NO;
				ENABLE_STRICT_OBJC_MSGSEND = YES;
				GCC_C_LANGUAGE_STANDARD = gnu11;
				GCC_NO_COMMON_BLOCKS = YES;
				GCC_WARN_64_TO_32_BIT_CONVERSION = YES;
				GCC_WARN_ABOUT_RETURN_TYPE = YES_ERROR;
				GCC_WARN_UNDECLARED_SELECTOR = YES;
				GCC_WARN_UNINITIALIZED_AUTOS = YES_AGGRESSIVE;
				GCC_WARN_UNUSED_FUNCTION = YES;
				GCC_WARN_UNUSED_VARIABLE = YES;
				IPHONEOS_DEPLOYMENT_TARGET = 15.5;
				MTL_ENABLE_DEBUG_INFO = NO;
				MTL_FAST_MATH = YES;
				SDKROOT = iphoneos;
				SWIFT_COMPILATION_MODE = wholemodule;
				SWIFT_OPTIMIZATION_LEVEL = "-O";
				VALIDATE_PRODUCT = YES;
			};
			name = Release;
		};
		0F4E69432867BA800091C5EF /* Debug */ = {
			isa = XCBuildConfiguration;
			buildSettings = {
				ASSETCATALOG_COMPILER_APPICON_NAME = AppIcon;
				ASSETCATALOG_COMPILER_GLOBAL_ACCENT_COLOR_NAME = AccentColor;
				CODE_SIGN_STYLE = Automatic;
				CURRENT_PROJECT_VERSION = 1;
				DEVELOPMENT_TEAM = 66MQ5QVH5G;
				GENERATE_INFOPLIST_FILE = YES;
				INFOPLIST_FILE = Weatherly/Info.plist;
				INFOPLIST_KEY_UIApplicationSupportsIndirectInputEvents = YES;
				INFOPLIST_KEY_UILaunchStoryboardName = LaunchScreen;
				INFOPLIST_KEY_UIMainStoryboardFile = Main;
				INFOPLIST_KEY_UISupportedInterfaceOrientations_iPad = "UIInterfaceOrientationPortrait UIInterfaceOrientationPortraitUpsideDown UIInterfaceOrientationLandscapeLeft UIInterfaceOrientationLandscapeRight";
				INFOPLIST_KEY_UISupportedInterfaceOrientations_iPhone = "UIInterfaceOrientationPortrait UIInterfaceOrientationLandscapeLeft UIInterfaceOrientationLandscapeRight";
				LD_RUNPATH_SEARCH_PATHS = (
					"$(inherited)",
					"@executable_path/Frameworks",
				);
				MARKETING_VERSION = 1.0;
				PRODUCT_BUNDLE_IDENTIFIER = com.neginzahedi.Weatherly;
				PRODUCT_NAME = "$(TARGET_NAME)";
				SWIFT_EMIT_LOC_STRINGS = YES;
				SWIFT_VERSION = 5.0;
				TARGETED_DEVICE_FAMILY = "1,2";
			};
			name = Debug;
		};
		0F4E69442867BA800091C5EF /* Release */ = {
			isa = XCBuildConfiguration;
			buildSettings = {
				ASSETCATALOG_COMPILER_APPICON_NAME = AppIcon;
				ASSETCATALOG_COMPILER_GLOBAL_ACCENT_COLOR_NAME = AccentColor;
				CODE_SIGN_STYLE = Automatic;
				CURRENT_PROJECT_VERSION = 1;
				DEVELOPMENT_TEAM = 66MQ5QVH5G;
				GENERATE_INFOPLIST_FILE = YES;
				INFOPLIST_FILE = Weatherly/Info.plist;
				INFOPLIST_KEY_UIApplicationSupportsIndirectInputEvents = YES;
				INFOPLIST_KEY_UILaunchStoryboardName = LaunchScreen;
				INFOPLIST_KEY_UIMainStoryboardFile = Main;
				INFOPLIST_KEY_UISupportedInterfaceOrientations_iPad = "UIInterfaceOrientationPortrait UIInterfaceOrientationPortraitUpsideDown UIInterfaceOrientationLandscapeLeft UIInterfaceOrientationLandscapeRight";
				INFOPLIST_KEY_UISupportedInterfaceOrientations_iPhone = "UIInterfaceOrientationPortrait UIInterfaceOrientationLandscapeLeft UIInterfaceOrientationLandscapeRight";
				LD_RUNPATH_SEARCH_PATHS = (
					"$(inherited)",
					"@executable_path/Frameworks",
				);
				MARKETING_VERSION = 1.0;
				PRODUCT_BUNDLE_IDENTIFIER = com.neginzahedi.Weatherly;
				PRODUCT_NAME = "$(TARGET_NAME)";
				SWIFT_EMIT_LOC_STRINGS = YES;
				SWIFT_VERSION = 5.0;
				TARGETED_DEVICE_FAMILY = "1,2";
			};
			name = Release;
		};
/* End XCBuildConfiguration section */

/* Begin XCConfigurationList section */
		0F4E69292867BA7F0091C5EF /* Build configuration list for PBXProject "Weatherly" */ = {
			isa = XCConfigurationList;
			buildConfigurations = (
				0F4E69402867BA800091C5EF /* Debug */,
				0F4E69412867BA800091C5EF /* Release */,
			);
			defaultConfigurationIsVisible = 0;
			defaultConfigurationName = Release;
		};
		0F4E69422867BA800091C5EF /* Build configuration list for PBXNativeTarget "Weatherly" */ = {
			isa = XCConfigurationList;
			buildConfigurations = (
				0F4E69432867BA800091C5EF /* Debug */,
				0F4E69442867BA800091C5EF /* Release */,
			);
			defaultConfigurationIsVisible = 0;
			defaultConfigurationName = Release;
		};
/* End XCConfigurationList section */
	};
	rootObject = 0F4E69262867BA7F0091C5EF /* Project object */;
}
